
Microsoft Visual Studio Solution File, Format Version 12.00
# Visual Studio Version 16
VisualStudioVersion = 16.0.31112.23
MinimumVisualStudioVersion = 10.0.40219.1
Project("{9A19103F-16F7-4668-BE54-9A1E7A4F7556}") = "Demo.EFCoreWithPostgres", "Demo.EFCoreWithPostgres\Demo.EFCoreWithPostgres.csproj", "{3D5B493F-228B-470C-955E-6947D72D9509}"
EndProject
Project("{FAE04EC0-301F-11D3-BF4B-00C04F79EFBC}") = "Demo.EFCoreWithPostgres.Test", "Demo.EFCoreWithPostgres.Test\Demo.EFCoreWithPostgres.Test.csproj", "{95966B93-C548-4AB2-B9E5-56EE40FCF408}"
EndProject
Project("{2150E333-8FDC-42A3-9474-1A3956D46DE8}") = "Solution Items", "Solution Items", "{DFB57929-290B-448F-8D1B-B98AED370664}"
	ProjectSection(SolutionItems) = preProject
		docker-compose.yaml = docker-compose.yaml
	EndProjectSection
EndProject
Global
	GlobalSection(SolutionConfigurationPlatforms) = preSolution
		Debug|Any CPU = Debug|Any CPU
		Release|Any CPU = Release|Any CPU
	EndGlobalSection
	GlobalSection(ProjectConfigurationPlatforms) = postSolution
		{3D5B493F-228B-470C-955E-6947D72D9509}.Debug|Any CPU.ActiveCfg = Debug|Any CPU
		{3D5B493F-228B-470C-955E-6947D72D9509}.Debug|Any CPU.Build.0 = Debug|Any CPU
		{3D5B493F-228B-470C-955E-6947D72D9509}.Release|Any CPU.ActiveCfg = Release|Any CPU
		{3D5B493F-228B-470C-955E-6947D72D9509}.Release|Any CPU.Build.0 = Release|Any CPU
		{95966B93-C548-4AB2-B9E5-56EE40FCF408}.Debug|Any CPU.ActiveCfg = Debug|Any CPU
		{95966B93-C548-4AB2-B9E5-56EE40FCF408}.Debug|Any CPU.Build.0 = Debug|Any CPU
		{95966B93-C548-4AB2-B9E5-56EE40FCF408}.Release|Any CPU.ActiveCfg = Release|Any CPU
		{95966B93-C548-4AB2-B9E5-56EE40FCF408}.Release|Any CPU.Build.0 = Release|Any CPU
	EndGlobalSection
	GlobalSection(SolutionProperties) = preSolution
		HideSolutionNode = FALSE
	EndGlobalSection
	GlobalSection(ExtensibilityGlobals) = postSolution
		SolutionGuid = {87840AB0-57CF-4BD6-8B8F-42493E2E15A6}
	EndGlobalSection
EndGlobal
